<Project xmlns="http://schemas.microsoft.com/developer/msbuild/2003">
    <PropertyGroup>
        <ProjectGuid>{F4E69B89-7B4F-473B-81BF-10E031FF6371}</ProjectGuid>
        <MainSource>PTeste3LM.dpr</MainSource>
        <Base>True</Base>
        <Config Condition="'$(Config)'==''">Debug</Config>
        <TargetedPlatforms>0</TargetedPlatforms>
        <AppType>Application</AppType>
        <FrameworkType>VCL</FrameworkType>
        <ProjectVersion>19.2</ProjectVersion>
        <Platform Condition="'$(Platform)'==''">Win32</Platform>
    </PropertyGroup>
    <PropertyGroup Condition="'$(Config)'=='Base' or '$(Base)'!=''">
        <Base>true</Base>
    </PropertyGroup>
    <PropertyGroup Condition="'$(Config)'=='Release' or '$(Cfg_1)'!=''">
        <Cfg_1>true</Cfg_1>
        <CfgParent>Base</CfgParent>
        <Base>true</Base>
    </PropertyGroup>
    <PropertyGroup Condition="'$(Config)'=='Debug' or '$(Cfg_2)'!=''">
        <Cfg_2>true</Cfg_2>
        <CfgParent>Base</CfgParent>
        <Base>true</Base>
    </PropertyGroup>
    <PropertyGroup Condition="'$(Base)'!=''">
        <DCC_E>false</DCC_E>
        <DCC_F>false</DCC_F>
        <DCC_K>false</DCC_K>
        <DCC_N>true</DCC_N>
        <DCC_S>false</DCC_S>
        <DCC_ImageBase>00400000</DCC_ImageBase>
        <DCC_DebugInformation>1</DCC_DebugInformation>
        <DCC_SymbolReferenceInfo>1</DCC_SymbolReferenceInfo>
        <DCC_UsePackage>vcl;rtl;vclx;indy;inet;xmlrtl;vclie;inetdbbde;inetdbxpress;dbrtl;dsnap;dsnapcon;vcldb;soaprtl;VclSmp;dbexpress;dbxcds;inetdb;bdertl;vcldbx;webdsnap;websnap;adortl;ibxpress;teeui;teedb;tee;dss;visualclx;visualdbclx;vclactnband;vclshlctrls;IntrawebDB_50_70;Intraweb_50_70;Rave50CLX;Rave50VCL;dclOfficeXP;RLibWinD7vcl;$(DCC_UsePackage)</DCC_UsePackage>
        <SanitizedProjectName>PTeste3LM</SanitizedProjectName>
        <DCC_Namespace>Vcl;Vcl.Imaging;Vcl.Touch;Vcl.Samples;Vcl.Shell;System;Xml;Data;Datasnap;Web;Soap;Winapi;IBX;$(DCC_Namespace)</DCC_Namespace>
        <VerInfo_Locale>1046</VerInfo_Locale>
        <VerInfo_Keys>CompanyName=;FileDescription=;FileVersion=1.0.0.0;InternalName=;LegalCopyright=;LegalTrademarks=;OriginalFilename=;ProductName=;ProductVersion=1.0.0.0;Comments=</VerInfo_Keys>
    </PropertyGroup>
    <PropertyGroup Condition="'$(Cfg_1)'!=''">
        <DCC_Define>RELEASE;$(DCC_Define)</DCC_Define>
        <DCC_DebugInformation>0</DCC_DebugInformation>
        <DCC_LocalDebugSymbols>false</DCC_LocalDebugSymbols>
        <DCC_SymbolReferenceInfo>0</DCC_SymbolReferenceInfo>
    </PropertyGroup>
    <PropertyGroup Condition="'$(Cfg_2)'!=''">
        <DCC_Define>DEBUG;$(DCC_Define)</DCC_Define>
        <DCC_Optimize>false</DCC_Optimize>
        <DCC_GenerateStackFrames>true</DCC_GenerateStackFrames>
    </PropertyGroup>
    <ItemGroup>
        <DelphiCompile Include="$(MainSource)">
            <MainSource>MainSource</MainSource>
        </DelphiCompile>
        <DCCReference Include="View\uFrmPrincipal.pas">
            <Form>FrmPrincipal</Form>
        </DCCReference>
        <DCCReference Include="Model\uFrmPadrao.pas">
            <Form>FrmPadrao</Form>
        </DCCReference>
        <DCCReference Include="View\uFrmCadCargo.pas">
            <Form>FrmCadCargo</Form>
        </DCCReference>
        <DCCReference Include="Model\uFuncionario_Cargo.pas"/>
        <DCCReference Include="Control\uFuncionario_Cargo_Control.pas"/>
        <DCCReference Include="Control\uDmConexao.pas">
            <Form>DMConexao</Form>
            <DesignClass>TDataModule</DesignClass>
        </DCCReference>
        <DCCReference Include="Control\uDmFuncionario_Cargo.pas">
            <Form>DmFuncionario_Cargo</Form>
            <DesignClass>TDataModule</DesignClass>
        </DCCReference>
        <DCCReference Include="View\uFrmCadFuncionario.pas">
            <Form>FrmCadFuncionario</Form>
        </DCCReference>
        <DCCReference Include="Model\uFuncionario.pas"/>
        <DCCReference Include="Control\uFuncionario_Control.pas"/>
        <DCCReference Include="Control\uDmFuncionario.pas">
            <Form>DmFuncionario</Form>
            <DesignClass>TDataModule</DesignClass>
        </DCCReference>
        <DCCReference Include="View\uFrmPesquisaSimples.pas">
            <Form>FrmPesquisaSimples</Form>
        </DCCReference>
        <DCCReference Include="View\uFrmUsuario.pas">
            <Form>FrmCadUsuario</Form>
        </DCCReference>
        <DCCReference Include="Model\uUsuario.pas"/>
        <DCCReference Include="Control\uDmUsuario.pas">
            <Form>dmUsuario</Form>
            <DesignClass>TDataModule</DesignClass>
        </DCCReference>
        <DCCReference Include="Control\uUsuario_Control.pas"/>
        <DCCReference Include="View\uFrmLogin.pas">
            <Form>FrmLogin</Form>
        </DCCReference>
        <DCCReference Include="View\uFrmRelCargos.pas">
            <Form>FrmRelCargos</Form>
        </DCCReference>
        <DCCReference Include="View\uFrmRelFuncionario.pas">
            <Form>FrmRelFuncionario</Form>
        </DCCReference>
        <DCCReference Include="View\uFrmRelFuncionarioCargo.pas">
            <Form>FrmRelFuncionarioCargo</Form>
        </DCCReference>
        <DCCReference Include="View\uRelFuncionarioSalario.pas">
            <Form>FrmRelFuncionarioSalario</Form>
        </DCCReference>
        <DCCReference Include="View\uFrmFuncionarioAniversario.pas">
            <Form>FrmFuncionarioAniversario</Form>
        </DCCReference>
        <BuildConfiguration Include="Debug">
            <Key>Cfg_2</Key>
            <CfgParent>Base</CfgParent>
        </BuildConfiguration>
        <BuildConfiguration Include="Base">
            <Key>Base</Key>
        </BuildConfiguration>
        <BuildConfiguration Include="Release">
            <Key>Cfg_1</Key>
            <CfgParent>Base</CfgParent>
        </BuildConfiguration>
    </ItemGroup>
    <ProjectExtensions>
        <Borland.Personality>Delphi.Personality.12</Borland.Personality>
        <Borland.ProjectType/>
        <BorlandProject>
            <Delphi.Personality>
                <Source>
                    <Source Name="MainSource">PTeste3LM.dpr</Source>
                </Source>
            </Delphi.Personality>
            <Platforms/>
        </BorlandProject>
        <ProjectFileVersion>12</ProjectFileVersion>
    </ProjectExtensions>
    <Import Project="$(BDS)\Bin\CodeGear.Delphi.Targets" Condition="Exists('$(BDS)\Bin\CodeGear.Delphi.Targets')"/>
    <Import Project="$(APPDATA)\Embarcadero\$(BDSAPPDATABASEDIR)\$(PRODUCTVERSION)\UserTools.proj" Condition="Exists('$(APPDATA)\Embarcadero\$(BDSAPPDATABASEDIR)\$(PRODUCTVERSION)\UserTools.proj')"/>
</Project>
